
Microsoft Visual Studio Solution File, Format Version 12.00
# Visual Studio 14
VisualStudioVersion = 14.0.25420.1
MinimumVisualStudioVersion = 10.0.40219.1
Project("{8BC9CEB8-8B4A-11D0-8D11-00A0C91BC942}") = "Project1", "Project1\Project1.vcxproj", "{CA9D7CB8-346D-41BE-B439-6E422E19A55A}"
EndProject
Project("{8BC9CEB8-8B4A-11D0-8D11-00A0C91BC942}") = "Project2", "Project2\Project2.vcxproj", "{CD96D666-816C-4B6F-AF9D-69D261D11A06}"
EndProject
Project("{8BC9CEB8-8B4A-11D0-8D11-00A0C91BC942}") = "Project3", "Project3\Project3.vcxproj", "{7CA8DB2C-86C6-4667-A628-82C09895FE6B}"
EndProject
Project("{8BC9CEB8-8B4A-11D0-8D11-00A0C91BC942}") = "Project4", "Project4\Project4.vcxproj", "{6EA05F39-E138-4194-AEDF-40B0FC3B7587}"
EndProject
Project("{8BC9CEB8-8B4A-11D0-8D11-00A0C91BC942}") = "Project5", "Project5\Project5.vcxproj", "{C5E7F97D-8E50-4B00-BB44-3287EFDC61CE}"
EndProject
Project("{8BC9CEB8-8B4A-11D0-8D11-00A0C91BC942}") = "Project6", "Project6\Project6.vcxproj", "{94CA0699-0DFA-4E03-B927-30B769597E71}"
EndProject
Project("{8BC9CEB8-8B4A-11D0-8D11-00A0C91BC942}") = "Project7", "Project7\Project7.vcxproj", "{4F69C8E4-B6BD-4E7F-81A4-0687BE52B2BD}"
EndProject
Project("{8BC9CEB8-8B4A-11D0-8D11-00A0C91BC942}") = "Project8", "Project8\Project8.vcxproj", "{E9BB87C6-76CA-4C7A-A94C-5AF8B13F276E}"
EndProject
Project("{8BC9CEB8-8B4A-11D0-8D11-00A0C91BC942}") = "Project9", "Project9\Project9.vcxproj", "{E6440BCB-78AF-4FD7-9326-EF9F790DE1CC}"
EndProject
Project("{8BC9CEB8-8B4A-11D0-8D11-00A0C91BC942}") = "Project10", "Project10\Project10.vcxproj", "{291BEF16-4C99-4560-8C31-2B6FD31B7961}"
EndProject
Global
	GlobalSection(SolutionConfigurationPlatforms) = preSolution
		Debug|x64 = Debug|x64
		Debug|x86 = Debug|x86
		Release|x64 = Release|x64
		Release|x86 = Release|x86
	EndGlobalSection
	GlobalSection(ProjectConfigurationPlatforms) = postSolution
		{CA9D7CB8-346D-41BE-B439-6E422E19A55A}.Debug|x64.ActiveCfg = Debug|x64
		{CA9D7CB8-346D-41BE-B439-6E422E19A55A}.Debug|x64.Build.0 = Debug|x64
		{CA9D7CB8-346D-41BE-B439-6E422E19A55A}.Debug|x86.ActiveCfg = Debug|Win32
		{CA9D7CB8-346D-41BE-B439-6E422E19A55A}.Debug|x86.Build.0 = Debug|Win32
		{CA9D7CB8-346D-41BE-B439-6E422E19A55A}.Release|x64.ActiveCfg = Release|x64
		{CA9D7CB8-346D-41BE-B439-6E422E19A55A}.Release|x64.Build.0 = Release|x64
		{CA9D7CB8-346D-41BE-B439-6E422E19A55A}.Release|x86.ActiveCfg = Release|Win32
		{CA9D7CB8-346D-41BE-B439-6E422E19A55A}.Release|x86.Build.0 = Release|Win32
		{CD96D666-816C-4B6F-AF9D-69D261D11A06}.Debug|x64.ActiveCfg = Debug|x64
		{CD96D666-816C-4B6F-AF9D-69D261D11A06}.Debug|x64.Build.0 = Debug|x64
		{CD96D666-816C-4B6F-AF9D-69D261D11A06}.Debug|x86.ActiveCfg = Debug|Win32
		{CD96D666-816C-4B6F-AF9D-69D261D11A06}.Debug|x86.Build.0 = Debug|Win32
		{CD96D666-816C-4B6F-AF9D-69D261D11A06}.Release|x64.ActiveCfg = Release|x64
		{CD96D666-816C-4B6F-AF9D-69D261D11A06}.Release|x64.Build.0 = Release|x64
		{CD96D666-816C-4B6F-AF9D-69D261D11A06}.Release|x86.ActiveCfg = Release|Win32
		{CD96D666-816C-4B6F-AF9D-69D261D11A06}.Release|x86.Build.0 = Release|Win32
		{7CA8DB2C-86C6-4667-A628-82C09895FE6B}.Debug|x64.ActiveCfg = Debug|x64
		{7CA8DB2C-86C6-4667-A628-82C09895FE6B}.Debug|x64.Build.0 = Debug|x64
		{7CA8DB2C-86C6-4667-A628-82C09895FE6B}.Debug|x86.ActiveCfg = Debug|Win32
		{7CA8DB2C-86C6-4667-A628-82C09895FE6B}.Debug|x86.Build.0 = Debug|Win32
		{7CA8DB2C-86C6-4667-A628-82C09895FE6B}.Release|x64.ActiveCfg = Release|x64
		{7CA8DB2C-86C6-4667-A628-82C09895FE6B}.Release|x64.Build.0 = Release|x64
		{7CA8DB2C-86C6-4667-A628-82C09895FE6B}.Release|x86.ActiveCfg = Release|Win32
		{7CA8DB2C-86C6-4667-A628-82C09895FE6B}.Release|x86.Build.0 = Release|Win32
		{6EA05F39-E138-4194-AEDF-40B0FC3B7587}.Debug|x64.ActiveCfg = Debug|x64
		{6EA05F39-E138-4194-AEDF-40B0FC3B7587}.Debug|x64.Build.0 = Debug|x64
		{6EA05F39-E138-4194-AEDF-40B0FC3B7587}.Debug|x86.ActiveCfg = Debug|Win32
		{6EA05F39-E138-4194-AEDF-40B0FC3B7587}.Debug|x86.Build.0 = Debug|Win32
		{6EA05F39-E138-4194-AEDF-40B0FC3B7587}.Release|x64.ActiveCfg = Release|x64
		{6EA05F39-E138-4194-AEDF-40B0FC3B7587}.Release|x64.Build.0 = Release|x64
		{6EA05F39-E138-4194-AEDF-40B0FC3B7587}.Release|x86.ActiveCfg = Release|Win32
		{6EA05F39-E138-4194-AEDF-40B0FC3B7587}.Release|x86.Build.0 = Release|Win32
		{C5E7F97D-8E50-4B00-BB44-3287EFDC61CE}.Debug|x64.ActiveCfg = Debug|x64
		{C5E7F97D-8E50-4B00-BB44-3287EFDC61CE}.Debug|x64.Build.0 = Debug|x64
		{C5E7F97D-8E50-4B00-BB44-3287EFDC61CE}.Debug|x86.ActiveCfg = Debug|Win32
		{C5E7F97D-8E50-4B00-BB44-3287EFDC61CE}.Debug|x86.Build.0 = Debug|Win32
		{C5E7F97D-8E50-4B00-BB44-3287EFDC61CE}.Release|x64.ActiveCfg = Release|x64
		{C5E7F97D-8E50-4B00-BB44-3287EFDC61CE}.Release|x64.Build.0 = Release|x64
		{C5E7F97D-8E50-4B00-BB44-3287EFDC61CE}.Release|x86.ActiveCfg = Release|Win32
		{C5E7F97D-8E50-4B00-BB44-3287EFDC61CE}.Release|x86.Build.0 = Release|Win32
		{94CA0699-0DFA-4E03-B927-30B769597E71}.Debug|x64.ActiveCfg = Debug|x64
		{94CA0699-0DFA-4E03-B927-30B769597E71}.Debug|x64.Build.0 = Debug|x64
		{94CA0699-0DFA-4E03-B927-30B769597E71}.Debug|x86.ActiveCfg = Debug|Win32
		{94CA0699-0DFA-4E03-B927-30B769597E71}.Debug|x86.Build.0 = Debug|Win32
		{94CA0699-0DFA-4E03-B927-30B769597E71}.Release|x64.ActiveCfg = Release|x64
		{94CA0699-0DFA-4E03-B927-30B769597E71}.Release|x64.Build.0 = Release|x64
		{94CA0699-0DFA-4E03-B927-30B769597E71}.Release|x86.ActiveCfg = Release|Win32
		{94CA0699-0DFA-4E03-B927-30B769597E71}.Release|x86.Build.0 = Release|Win32
		{4F69C8E4-B6BD-4E7F-81A4-0687BE52B2BD}.Debug|x64.ActiveCfg = Debug|x64
		{4F69C8E4-B6BD-4E7F-81A4-0687BE52B2BD}.Debug|x64.Build.0 = Debug|x64
		{4F69C8E4-B6BD-4E7F-81A4-0687BE52B2BD}.Debug|x86.ActiveCfg = Debug|Win32
		{4F69C8E4-B6BD-4E7F-81A4-0687BE52B2BD}.Debug|x86.Build.0 = Debug|Win32
		{4F69C8E4-B6BD-4E7F-81A4-0687BE52B2BD}.Release|x64.ActiveCfg = Release|x64
		{4F69C8E4-B6BD-4E7F-81A4-0687BE52B2BD}.Release|x64.Build.0 = Release|x64
		{4F69C8E4-B6BD-4E7F-81A4-0687BE52B2BD}.Release|x86.ActiveCfg = Release|Win32
		{4F69C8E4-B6BD-4E7F-81A4-0687BE52B2BD}.Release|x86.Build.0 = Release|Win32
		{E9BB87C6-76CA-4C7A-A94C-5AF8B13F276E}.Debug|x64.ActiveCfg = Debug|x64
		{E9BB87C6-76CA-4C7A-A94C-5AF8B13F276E}.Debug|x64.Build.0 = Debug|x64
		{E9BB87C6-76CA-4C7A-A94C-5AF8B13F276E}.Debug|x86.ActiveCfg = Debug|Win32
		{E9BB87C6-76CA-4C7A-A94C-5AF8B13F276E}.Debug|x86.Build.0 = Debug|Win32
		{E9BB87C6-76CA-4C7A-A94C-5AF8B13F276E}.Release|x64.ActiveCfg = Release|x64
		{E9BB87C6-76CA-4C7A-A94C-5AF8B13F276E}.Release|x64.Build.0 = Release|x64
		{E9BB87C6-76CA-4C7A-A94C-5AF8B13F276E}.Release|x86.ActiveCfg = Release|Win32
		{E9BB87C6-76CA-4C7A-A94C-5AF8B13F276E}.Release|x86.Build.0 = Release|Win32
		{E6440BCB-78AF-4FD7-9326-EF9F790DE1CC}.Debug|x64.ActiveCfg = Debug|x64
		{E6440BCB-78AF-4FD7-9326-EF9F790DE1CC}.Debug|x64.Build.0 = Debug|x64
		{E6440BCB-78AF-4FD7-9326-EF9F790DE1CC}.Debug|x86.ActiveCfg = Debug|Win32
		{E6440BCB-78AF-4FD7-9326-EF9F790DE1CC}.Debug|x86.Build.0 = Debug|Win32
		{E6440BCB-78AF-4FD7-9326-EF9F790DE1CC}.Release|x64.ActiveCfg = Release|x64
		{E6440BCB-78AF-4FD7-9326-EF9F790DE1CC}.Release|x64.Build.0 = Release|x64
		{E6440BCB-78AF-4FD7-9326-EF9F790DE1CC}.Release|x86.ActiveCfg = Release|Win32
		{E6440BCB-78AF-4FD7-9326-EF9F790DE1CC}.Release|x86.Build.0 = Release|Win32
		{291BEF16-4C99-4560-8C31-2B6FD31B7961}.Debug|x64.ActiveCfg = Debug|x64
		{291BEF16-4C99-4560-8C31-2B6FD31B7961}.Debug|x64.Build.0 = Debug|x64
		{291BEF16-4C99-4560-8C31-2B6FD31B7961}.Debug|x86.ActiveCfg = Debug|Win32
		{291BEF16-4C99-4560-8C31-2B6FD31B7961}.Debug|x86.Build.0 = Debug|Win32
		{291BEF16-4C99-4560-8C31-2B6FD31B7961}.Release|x64.ActiveCfg = Release|x64
		{291BEF16-4C99-4560-8C31-2B6FD31B7961}.Release|x64.Build.0 = Release|x64
		{291BEF16-4C99-4560-8C31-2B6FD31B7961}.Release|x86.ActiveCfg = Release|Win32
		{291BEF16-4C99-4560-8C31-2B6FD31B7961}.Release|x86.Build.0 = Release|Win32
	EndGlobalSection
	GlobalSection(SolutionProperties) = preSolution
		HideSolutionNode = FALSE
	EndGlobalSection
EndGlobal
